
Microsoft Visual Studio Solution File, Format Version 12.00
# Visual Studio 15
VisualStudioVersion = 15.0.27703.2035
MinimumVisualStudioVersion = 10.0.40219.1
Project("{8BC9CEB8-8B4A-11D0-8D11-00A0C91BC942}") = "qvgdi", "qvgdi\qvgdi.vcxproj", "{D2320FE2-2122-4126-BB57-EF955AC887C2}"
	ProjectSection(ProjectDependencies) = postProject
		{5A8BA80D-E650-4204-92D3-9FD09CB49324} = {5A8BA80D-E650-4204-92D3-9FD09CB49324}
	EndProjectSection
EndProject
Project("{8BC9CEB8-8B4A-11D0-8D11-00A0C91BC942}") = "package", "package\package.vcxproj", "{DCDEBFF8-EB94-42AE-B9AB-C0D27B965FD9}"
	ProjectSection(ProjectDependencies) = postProject
		{D2320FE2-2122-4126-BB57-EF955AC887C2} = {D2320FE2-2122-4126-BB57-EF955AC887C2}
	EndProjectSection
EndProject
Project("{8BC9CEB8-8B4A-11D0-8D11-00A0C91BC942}") = "qvmini", "qvmini\qvmini.vcxproj", "{5A8BA80D-E650-4204-92D3-9FD09CB49324}"
EndProject
Project("{8BC9CEB8-8B4A-11D0-8D11-00A0C91BC942}") = "package-post-build", "package-post-build\package-post-build.vcxproj", "{9EB25088-A726-4C42-A18F-BD5458D7221A}"
EndProject
Project("{8BC9CEB8-8B4A-11D0-8D11-00A0C91BC942}") = "gui-agent", "gui-agent\gui-agent.vcxproj", "{DCFA7C97-579A-4BC9-9A42-3D70BE069AF7}"
EndProject
Project("{8BC9CEB8-8B4A-11D0-8D11-00A0C91BC942}") = "watchdog", "watchdog\watchdog.vcxproj", "{EEB889D7-C6A4-49A7-824E-C7FFC6C558BC}"
EndProject
Project("{8BC9CEB8-8B4A-11D0-8D11-00A0C91BC942}") = "create-device", "create-device\create-device.vcxproj", "{DC944026-262A-4045-B677-6C8A1504C20C}"
EndProject
Project("{8BC9CEB8-8B4A-11D0-8D11-00A0C91BC942}") = "disable-device", "disable-device\disable-device.vcxproj", "{B3A4588F-0A32-4DB7-BB26-E28FF81FD5C5}"
EndProject
Project("{8BC9CEB8-8B4A-11D0-8D11-00A0C91BC942}") = "pkihelper", "pkihelper\pkihelper.vcxproj", "{36D09F9F-CEA5-42B2-B3BB-DE2562DC4190}"
EndProject
Project("{8BC9CEB8-8B4A-11D0-8D11-00A0C91BC942}") = "test-window", "test-window\test-window.vcxproj", "{D17ACE2E-2C83-4C96-A094-08C20A1B0488}"
EndProject
#Project("{FAE04EC0-301F-11D3-BF4B-00C04F79EFBC}") = "pattern-generator", "pattern-generator\pattern-generator.csproj", "{0B85DB56-7E6C-4E57-8990-683FFBBE6B0E}"
#EndProject
Global
	GlobalSection(SolutionConfigurationPlatforms) = preSolution
		Debug|Win32 = Debug|Win32
		Debug|x64 = Debug|x64
		Release|Win32 = Release|Win32
		Release|x64 = Release|x64
	EndGlobalSection
	GlobalSection(ProjectConfigurationPlatforms) = postSolution
		{D2320FE2-2122-4126-BB57-EF955AC887C2}.Debug|Win32.ActiveCfg = Win7 Debug|Win32
		{D2320FE2-2122-4126-BB57-EF955AC887C2}.Debug|Win32.Build.0 = Win7 Debug|Win32
		{D2320FE2-2122-4126-BB57-EF955AC887C2}.Debug|x64.ActiveCfg = Win7 Debug|x64
		{D2320FE2-2122-4126-BB57-EF955AC887C2}.Debug|x64.Build.0 = Win7 Debug|x64
		{D2320FE2-2122-4126-BB57-EF955AC887C2}.Release|Win32.ActiveCfg = Win7 Release|Win32
		{D2320FE2-2122-4126-BB57-EF955AC887C2}.Release|Win32.Build.0 = Win7 Release|Win32
		{D2320FE2-2122-4126-BB57-EF955AC887C2}.Release|x64.ActiveCfg = Win7 Release|x64
		{D2320FE2-2122-4126-BB57-EF955AC887C2}.Release|x64.Build.0 = Win7 Release|x64
		{DCDEBFF8-EB94-42AE-B9AB-C0D27B965FD9}.Debug|Win32.ActiveCfg = Win7 Debug|Win32
		{DCDEBFF8-EB94-42AE-B9AB-C0D27B965FD9}.Debug|Win32.Build.0 = Win7 Debug|Win32
		{DCDEBFF8-EB94-42AE-B9AB-C0D27B965FD9}.Debug|x64.ActiveCfg = Win7 Debug|x64
		{DCDEBFF8-EB94-42AE-B9AB-C0D27B965FD9}.Debug|x64.Build.0 = Win7 Debug|x64
		{DCDEBFF8-EB94-42AE-B9AB-C0D27B965FD9}.Release|Win32.ActiveCfg = Win7 Release|Win32
		{DCDEBFF8-EB94-42AE-B9AB-C0D27B965FD9}.Release|Win32.Build.0 = Win7 Release|Win32
		{DCDEBFF8-EB94-42AE-B9AB-C0D27B965FD9}.Release|x64.ActiveCfg = Win7 Release|x64
		{DCDEBFF8-EB94-42AE-B9AB-C0D27B965FD9}.Release|x64.Build.0 = Win7 Release|x64
		{5A8BA80D-E650-4204-92D3-9FD09CB49324}.Debug|Win32.ActiveCfg = Win7 Debug|Win32
		{5A8BA80D-E650-4204-92D3-9FD09CB49324}.Debug|Win32.Build.0 = Win7 Debug|Win32
		{5A8BA80D-E650-4204-92D3-9FD09CB49324}.Debug|x64.ActiveCfg = Win7 Debug|x64
		{5A8BA80D-E650-4204-92D3-9FD09CB49324}.Debug|x64.Build.0 = Win7 Debug|x64
		{5A8BA80D-E650-4204-92D3-9FD09CB49324}.Release|Win32.ActiveCfg = Win7 Release|Win32
		{5A8BA80D-E650-4204-92D3-9FD09CB49324}.Release|Win32.Build.0 = Win7 Release|Win32
		{5A8BA80D-E650-4204-92D3-9FD09CB49324}.Release|x64.ActiveCfg = Win7 Release|x64
		{5A8BA80D-E650-4204-92D3-9FD09CB49324}.Release|x64.Build.0 = Win7 Release|x64
		{DCFA7C97-579A-4BC9-9A42-3D70BE069AF7}.Debug|Win32.ActiveCfg = Debug|Win32
		{DCFA7C97-579A-4BC9-9A42-3D70BE069AF7}.Debug|Win32.Build.0 = Debug|Win32
		{DCFA7C97-579A-4BC9-9A42-3D70BE069AF7}.Debug|x64.ActiveCfg = Debug|x64
		{DCFA7C97-579A-4BC9-9A42-3D70BE069AF7}.Debug|x64.Build.0 = Debug|x64
		{DCFA7C97-579A-4BC9-9A42-3D70BE069AF7}.Release|Win32.ActiveCfg = Release|Win32
		{DCFA7C97-579A-4BC9-9A42-3D70BE069AF7}.Release|Win32.Build.0 = Release|Win32
		{DCFA7C97-579A-4BC9-9A42-3D70BE069AF7}.Release|x64.ActiveCfg = Release|x64
		{DCFA7C97-579A-4BC9-9A42-3D70BE069AF7}.Release|x64.Build.0 = Release|x64
		{EEB889D7-C6A4-49A7-824E-C7FFC6C558BC}.Debug|Win32.ActiveCfg = Debug|Win32
		{EEB889D7-C6A4-49A7-824E-C7FFC6C558BC}.Debug|Win32.Build.0 = Debug|Win32
		{EEB889D7-C6A4-49A7-824E-C7FFC6C558BC}.Debug|x64.ActiveCfg = Debug|x64
		{EEB889D7-C6A4-49A7-824E-C7FFC6C558BC}.Debug|x64.Build.0 = Debug|x64
		{EEB889D7-C6A4-49A7-824E-C7FFC6C558BC}.Release|Win32.ActiveCfg = Release|Win32
		{EEB889D7-C6A4-49A7-824E-C7FFC6C558BC}.Release|Win32.Build.0 = Release|Win32
		{EEB889D7-C6A4-49A7-824E-C7FFC6C558BC}.Release|x64.ActiveCfg = Release|x64
		{EEB889D7-C6A4-49A7-824E-C7FFC6C558BC}.Release|x64.Build.0 = Release|x64
		{DC944026-262A-4045-B677-6C8A1504C20C}.Debug|Win32.ActiveCfg = Debug|Win32
		{DC944026-262A-4045-B677-6C8A1504C20C}.Debug|Win32.Build.0 = Debug|Win32
		{DC944026-262A-4045-B677-6C8A1504C20C}.Debug|x64.ActiveCfg = Debug|x64
		{DC944026-262A-4045-B677-6C8A1504C20C}.Debug|x64.Build.0 = Debug|x64
		{DC944026-262A-4045-B677-6C8A1504C20C}.Release|Win32.ActiveCfg = Release|Win32
		{DC944026-262A-4045-B677-6C8A1504C20C}.Release|Win32.Build.0 = Release|Win32
		{DC944026-262A-4045-B677-6C8A1504C20C}.Release|x64.ActiveCfg = Release|x64
		{DC944026-262A-4045-B677-6C8A1504C20C}.Release|x64.Build.0 = Release|x64
		{36D09F9F-CEA5-42B2-B3BB-DE2562DC4190}.Debug|Win32.ActiveCfg = Debug|Win32
		{36D09F9F-CEA5-42B2-B3BB-DE2562DC4190}.Debug|Win32.Build.0 = Debug|Win32
		{36D09F9F-CEA5-42B2-B3BB-DE2562DC4190}.Debug|x64.ActiveCfg = Debug|x64
		{36D09F9F-CEA5-42B2-B3BB-DE2562DC4190}.Debug|x64.Build.0 = Debug|x64
		{36D09F9F-CEA5-42B2-B3BB-DE2562DC4190}.Release|Win32.ActiveCfg = Release|Win32
		{36D09F9F-CEA5-42B2-B3BB-DE2562DC4190}.Release|Win32.Build.0 = Release|Win32
		{36D09F9F-CEA5-42B2-B3BB-DE2562DC4190}.Release|x64.ActiveCfg = Release|x64
		{36D09F9F-CEA5-42B2-B3BB-DE2562DC4190}.Release|x64.Build.0 = Release|x64
		{B3A4588F-0A32-4DB7-BB26-E28FF81FD5C5}.Debug|Win32.ActiveCfg = Debug|Win32
		{B3A4588F-0A32-4DB7-BB26-E28FF81FD5C5}.Debug|Win32.Build.0 = Debug|Win32
		{B3A4588F-0A32-4DB7-BB26-E28FF81FD5C5}.Debug|x64.ActiveCfg = Debug|x64
		{B3A4588F-0A32-4DB7-BB26-E28FF81FD5C5}.Debug|x64.Build.0 = Debug|x64
		{B3A4588F-0A32-4DB7-BB26-E28FF81FD5C5}.Release|Win32.ActiveCfg = Release|Win32
		{B3A4588F-0A32-4DB7-BB26-E28FF81FD5C5}.Release|Win32.Build.0 = Release|Win32
		{B3A4588F-0A32-4DB7-BB26-E28FF81FD5C5}.Release|x64.ActiveCfg = Release|x64
		{B3A4588F-0A32-4DB7-BB26-E28FF81FD5C5}.Release|x64.Build.0 = Release|x64
		{D17ACE2E-2C83-4C96-A094-08C20A1B0488}.Debug|Win32.ActiveCfg = Debug|Win32
		{D17ACE2E-2C83-4C96-A094-08C20A1B0488}.Debug|Win32.Build.0 = Debug|Win32
		{D17ACE2E-2C83-4C96-A094-08C20A1B0488}.Debug|x64.ActiveCfg = Debug|x64
		{D17ACE2E-2C83-4C96-A094-08C20A1B0488}.Debug|x64.Build.0 = Debug|x64
		{D17ACE2E-2C83-4C96-A094-08C20A1B0488}.Release|Win32.ActiveCfg = Release|Win32
		{D17ACE2E-2C83-4C96-A094-08C20A1B0488}.Release|Win32.Build.0 = Release|Win32
		{D17ACE2E-2C83-4C96-A094-08C20A1B0488}.Release|x64.ActiveCfg = Release|x64
		{D17ACE2E-2C83-4C96-A094-08C20A1B0488}.Release|x64.Build.0 = Release|x64
		{0B85DB56-7E6C-4E57-8990-683FFBBE6B0E}.Debug|Win32.ActiveCfg = Debug|Any CPU
		{0B85DB56-7E6C-4E57-8990-683FFBBE6B0E}.Debug|Win32.Build.0 = Debug|Any CPU
		{0B85DB56-7E6C-4E57-8990-683FFBBE6B0E}.Debug|x64.ActiveCfg = Debug|Any CPU
		{0B85DB56-7E6C-4E57-8990-683FFBBE6B0E}.Debug|x64.Build.0 = Debug|Any CPU
		{0B85DB56-7E6C-4E57-8990-683FFBBE6B0E}.Release|Win32.ActiveCfg = Release|Any CPU
		{0B85DB56-7E6C-4E57-8990-683FFBBE6B0E}.Release|Win32.Build.0 = Release|Any CPU
		{0B85DB56-7E6C-4E57-8990-683FFBBE6B0E}.Release|x64.ActiveCfg = Release|Any CPU
		{0B85DB56-7E6C-4E57-8990-683FFBBE6B0E}.Release|x64.Build.0 = Release|Any CPU
		{9EB25088-A726-4C42-A18F-BD5458D7221A}.Debug|Win32.ActiveCfg = Win7 Debug|Win32
		{9EB25088-A726-4C42-A18F-BD5458D7221A}.Debug|Win32.Build.0 = Win7 Debug|Win32
		{9EB25088-A726-4C42-A18F-BD5458D7221A}.Debug|x64.ActiveCfg = Win7 Debug|x64
		{9EB25088-A726-4C42-A18F-BD5458D7221A}.Debug|x64.Build.0 = Win7 Debug|x64
		{9EB25088-A726-4C42-A18F-BD5458D7221A}.Release|Win32.ActiveCfg = Win7 Release|Win32
		{9EB25088-A726-4C42-A18F-BD5458D7221A}.Release|Win32.Build.0 = Win7 Release|Win32
		{9EB25088-A726-4C42-A18F-BD5458D7221A}.Release|x64.ActiveCfg = Win7 Release|x64
		{9EB25088-A726-4C42-A18F-BD5458D7221A}.Release|x64.Build.0 = Win7 Release|x64
	EndGlobalSection
	GlobalSection(SolutionProperties) = preSolution
		HideSolutionNode = FALSE
	EndGlobalSection
EndGlobal
