
Microsoft Visual Studio Solution File, Format Version 12.00
# Visual Studio Version 17
VisualStudioVersion = 17.6.33723.286
MinimumVisualStudioVersion = 10.0.40219.1
Project("{8BC9CEB8-8B4A-11D0-8D11-00A0C91BC942}") = "gui-agent", "gui-agent\gui-agent.vcxproj", "{2CAD426C-FEE2-41F4-88C0-DCF14B59EA9E}"
EndProject
Project("{8BC9CEB8-8B4A-11D0-8D11-00A0C91BC942}") = "watchdog", "watchdog\watchdog.vcxproj", "{9CA9D9C3-6989-40CF-8E22-AF09E3DE87DC}"
	ProjectSection(ProjectDependencies) = postProject
		{2CAD426C-FEE2-41F4-88C0-DCF14B59EA9E} = {2CAD426C-FEE2-41F4-88C0-DCF14B59EA9E}
	EndProjectSection
EndProject
Global
	GlobalSection(SolutionConfigurationPlatforms) = preSolution
		Debug|x64 = Debug|x64
		Release|x64 = Release|x64
	EndGlobalSection
	GlobalSection(ProjectConfigurationPlatforms) = postSolution
		{2CAD426C-FEE2-41F4-88C0-DCF14B59EA9E}.Debug|x64.ActiveCfg = Debug|x64
		{2CAD426C-FEE2-41F4-88C0-DCF14B59EA9E}.Debug|x64.Build.0 = Debug|x64
		{2CAD426C-FEE2-41F4-88C0-DCF14B59EA9E}.Release|x64.ActiveCfg = Release|x64
		{2CAD426C-FEE2-41F4-88C0-DCF14B59EA9E}.Release|x64.Build.0 = Release|x64
		{9CA9D9C3-6989-40CF-8E22-AF09E3DE87DC}.Debug|x64.ActiveCfg = Debug|x64
		{9CA9D9C3-6989-40CF-8E22-AF09E3DE87DC}.Debug|x64.Build.0 = Debug|x64
		{9CA9D9C3-6989-40CF-8E22-AF09E3DE87DC}.Release|x64.ActiveCfg = Release|x64
		{9CA9D9C3-6989-40CF-8E22-AF09E3DE87DC}.Release|x64.Build.0 = Release|x64
	EndGlobalSection
	GlobalSection(SolutionProperties) = preSolution
		HideSolutionNode = FALSE
	EndGlobalSection
	GlobalSection(ExtensibilityGlobals) = postSolution
		SolutionGuid = {60F90B4C-65CA-490B-9942-6A4E340ED027}
	EndGlobalSection
EndGlobal
